
Microsoft Visual Studio Solution File, Format Version 12.00
# Visual Studio Version 17
VisualStudioVersion = 17.3.32819.101
MinimumVisualStudioVersion = 10.0.40219.1
Project("{FAE04EC0-301F-11D3-BF4B-00C04F79EFBC}") = "ApiForm", "ApiForm\ApiForm.csproj", "{8707B4E0-AD29-44F3-A7BF-90BCB82118F6}"
EndProject
Global
	GlobalSection(SolutionConfigurationPlatforms) = preSolution
		Debug|Any CPU = Debug|Any CPU
		Release|Any CPU = Release|Any CPU
	EndGlobalSection
	GlobalSection(ProjectConfigurationPlatforms) = postSolution
		{8707B4E0-AD29-44F3-A7BF-90BCB82118F6}.Debug|Any CPU.ActiveCfg = Debug|Any CPU
		{8707B4E0-AD29-44F3-A7BF-90BCB82118F6}.Debug|Any CPU.Build.0 = Debug|Any CPU
		{8707B4E0-AD29-44F3-A7BF-90BCB82118F6}.Release|Any CPU.ActiveCfg = Release|Any CPU
		{8707B4E0-AD29-44F3-A7BF-90BCB82118F6}.Release|Any CPU.Build.0 = Release|Any CPU
	EndGlobalSection
	GlobalSection(SolutionProperties) = preSolution
		HideSolutionNode = FALSE
	EndGlobalSection
	GlobalSection(ExtensibilityGlobals) = postSolution
		SolutionGuid = {4005FBCE-EAF1-48BA-BA00-8A9AA5C084ED}
	EndGlobalSection
EndGlobal
